
Microsoft Visual Studio Solution File, Format Version 12.00
# Visual Studio Version 16
VisualStudioVersion = 16.0.29503.13
MinimumVisualStudioVersion = 10.0.40219.1
Project("{8BC9CEB8-8B4A-11D0-8D11-00A0C91BC942}") = "Project1", "Project1\Project1.vcxproj", "{A149EEEF-CB6F-4096-B39D-D89361AE2005}"
EndProject
Global
	GlobalSection(SolutionConfigurationPlatforms) = preSolution
		Debug|x64 = Debug|x64
		Debug|x86 = Debug|x86
		Release|x64 = Release|x64
		Release|x86 = Release|x86
	EndGlobalSection
	GlobalSection(ProjectConfigurationPlatforms) = postSolution
		{A149EEEF-CB6F-4096-B39D-D89361AE2005}.Debug|x64.ActiveCfg = Debug|x64
		{A149EEEF-CB6F-4096-B39D-D89361AE2005}.Debug|x64.Build.0 = Debug|x64
		{A149EEEF-CB6F-4096-B39D-D89361AE2005}.Debug|x86.ActiveCfg = Debug|Win32
		{A149EEEF-CB6F-4096-B39D-D89361AE2005}.Debug|x86.Build.0 = Debug|Win32
		{A149EEEF-CB6F-4096-B39D-D89361AE2005}.Release|x64.ActiveCfg = Release|x64
		{A149EEEF-CB6F-4096-B39D-D89361AE2005}.Release|x64.Build.0 = Release|x64
		{A149EEEF-CB6F-4096-B39D-D89361AE2005}.Release|x86.ActiveCfg = Release|Win32
		{A149EEEF-CB6F-4096-B39D-D89361AE2005}.Release|x86.Build.0 = Release|Win32
	EndGlobalSection
	GlobalSection(SolutionProperties) = preSolution
		HideSolutionNode = FALSE
	EndGlobalSection
	GlobalSection(ExtensibilityGlobals) = postSolution
		SolutionGuid = {72B6BBA1-C735-4484-B9A1-4FA6833BCF4E}
	EndGlobalSection
EndGlobal
