
Microsoft Visual Studio Solution File, Format Version 12.00
# Visual Studio Version 16
VisualStudioVersion = 16.0.29326.143
MinimumVisualStudioVersion = 10.0.40219.1
Project("{8BC9CEB8-8B4A-11D0-8D11-00A0C91BC942}") = "2d_figure2", "2d_figure2\2d_figure2.vcxproj", "{92202AF5-075D-4E5A-AAB8-D318492DDCFA}"
EndProject
Global
	GlobalSection(SolutionConfigurationPlatforms) = preSolution
		Debug|x64 = Debug|x64
		Debug|x86 = Debug|x86
		Release|x64 = Release|x64
		Release|x86 = Release|x86
	EndGlobalSection
	GlobalSection(ProjectConfigurationPlatforms) = postSolution
		{92202AF5-075D-4E5A-AAB8-D318492DDCFA}.Debug|x64.ActiveCfg = Debug|x64
		{92202AF5-075D-4E5A-AAB8-D318492DDCFA}.Debug|x64.Build.0 = Debug|x64
		{92202AF5-075D-4E5A-AAB8-D318492DDCFA}.Debug|x86.ActiveCfg = Debug|Win32
		{92202AF5-075D-4E5A-AAB8-D318492DDCFA}.Debug|x86.Build.0 = Debug|Win32
		{92202AF5-075D-4E5A-AAB8-D318492DDCFA}.Release|x64.ActiveCfg = Release|x64
		{92202AF5-075D-4E5A-AAB8-D318492DDCFA}.Release|x64.Build.0 = Release|x64
		{92202AF5-075D-4E5A-AAB8-D318492DDCFA}.Release|x86.ActiveCfg = Release|Win32
		{92202AF5-075D-4E5A-AAB8-D318492DDCFA}.Release|x86.Build.0 = Release|Win32
	EndGlobalSection
	GlobalSection(SolutionProperties) = preSolution
		HideSolutionNode = FALSE
	EndGlobalSection
	GlobalSection(ExtensibilityGlobals) = postSolution
		SolutionGuid = {BF6EE0F2-A4A5-4C02-84DC-BFB45DAB31D9}
	EndGlobalSection
EndGlobal
